{
  "name": "dessita",
  "version": "1.0.0",
  "lockfileVersion": 1,
  "requires": true,
  "dependencies": {
    "ansi-styles": {
      "version": "1.0.0",
      "resolved": "https://registry.npmjs.org/ansi-styles/-/ansi-styles-1.0.0.tgz",
      "integrity": "sha1-yxAt8cVvUSPquLZ817mAJ6AnkXg="
    },
    "async": {
      "version": "0.6.2",
      "resolved": "https://registry.npmjs.org/async/-/async-0.6.2.tgz",
      "integrity": "sha1-Qf0DijgSwKi8GELs8IumPrA5K+8="
    },
    "bootstrap": {
      "version": "4.6.0"
    },
    "chalk": {
      "version": "0.4.0",
      "resolved": "https://registry.npmjs.org/chalk/-/chalk-0.4.0.tgz",
      "integrity": "sha1-UZmj3c0MHv4jvAjBsCewYXbgxk8=",
      "requires": {
        "ansi-styles": "~1.0.0",
        "has-color": "~0.1.0",
        "strip-ansi": "~0.1.0"
      }
    },
    "dargs": {
      "version": "0.1.0",
      "resolved": "https://registry.npmjs.org/dargs/-/dargs-0.1.0.tgz",
      "integrity": "sha1-I2Stn0Qfl23NX+mWHiFxVmWl48M="
    },
    "has-color": {
      "version": "0.1.7",
      "resolved": "https://registry.npmjs.org/has-color/-/has-color-0.1.7.tgz",
      "integrity": "sha1-ZxRKUmDDT8PMpnfQQdr1L+e3iy8="
    },
    "isexe": {
      "version": "2.0.0",
      "resolved": "https://registry.npmjs.org/isexe/-/isexe-2.0.0.tgz",
      "integrity": "sha1-6PvzdNxVb/iUehDcsFctYz8s+hA="
    },
    "jquery": {
      "version": "3.5.1"
    },
    "popper.js": {
      "version": "1.16.0"
    },
    "scsslint": {
      "version": "0.0.3",
      "resolved": "https://registry.npmjs.org/scsslint/-/scsslint-0.0.3.tgz",
      "integrity": "sha1-RikvQcW1uJJ2wPYU6VUR7Cd1mM4=",
      "requires": {
        "async": "^0.6.2",
        "chalk": "^0.4.0",
        "dargs": "^0.1.0",
        "which": "^1.0.5",
        "win-spawn": "^2.0.0"
      }
    },
    "strip-ansi": {
      "version": "0.1.1",
      "resolved": "https://registry.npmjs.org/strip-ansi/-/strip-ansi-0.1.1.tgz",
      "integrity": "sha1-OeipjQRNFQZgq+SmgIrPcLt7yZE="
    },
    "which": {
      "version": "1.3.1",
      "resolved": "https://registry.npmjs.org/which/-/which-1.3.1.tgz",
      "integrity": "sha512-HxJdYWq1MTIQbJ3nw0cqssHoTNU267KlrDuGZ1WYlxDStUtKUhOaJmh112/TZmHxxUfuJqPXSOm7tDyas0OSIQ==",
      "requires": {
        "isexe": "^2.0.0"
      }
    },
    "win-spawn": {
      "version": "2.0.0",
      "resolved": "https://registry.npmjs.org/win-spawn/-/win-spawn-2.0.0.tgz",
      "integrity": "sha1-OXopEw7JjQqgvIa6pGITk+/9Cwc="
    }
  }
}
